
Microsoft Visual Studio Solution File, Format Version 12.00
# Visual Studio Version 17
VisualStudioVersion = 17.4.33403.182
MinimumVisualStudioVersion = 10.0.40219.1
Project("{FAE04EC0-301F-11D3-BF4B-00C04F79EFBC}") = "Library_ManagementAPI", "Library_ManagementAPI\Library_ManagementAPI.csproj", "{3AD9961D-F75D-4D47-BC68-E2FF0D7D1051}"
EndProject
Global
	GlobalSection(SolutionConfigurationPlatforms) = preSolution
		Debug|Any CPU = Debug|Any CPU
		Release|Any CPU = Release|Any CPU
	EndGlobalSection
	GlobalSection(ProjectConfigurationPlatforms) = postSolution
		{3AD9961D-F75D-4D47-BC68-E2FF0D7D1051}.Debug|Any CPU.ActiveCfg = Debug|Any CPU
		{3AD9961D-F75D-4D47-BC68-E2FF0D7D1051}.Debug|Any CPU.Build.0 = Debug|Any CPU
		{3AD9961D-F75D-4D47-BC68-E2FF0D7D1051}.Release|Any CPU.ActiveCfg = Release|Any CPU
		{3AD9961D-F75D-4D47-BC68-E2FF0D7D1051}.Release|Any CPU.Build.0 = Release|Any CPU
	EndGlobalSection
	GlobalSection(SolutionProperties) = preSolution
		HideSolutionNode = FALSE
	EndGlobalSection
	GlobalSection(ExtensibilityGlobals) = postSolution
		SolutionGuid = {184C9D23-617B-4D24-ABFE-BC9DBC9DB55C}
	EndGlobalSection
EndGlobal
